# THIS IS AN AUTOGENERATED FILE. DO NOT EDIT THIS FILE DIRECTLY.
# yarn lockfile v1


"@types/chrome@^0.0.74":
  version "0.0.74"
  resolved "https://registry.yarnpkg.com/@types/chrome/-/chrome-0.0.74.tgz#f69827c48fcf7fecc90c96089807661749a5a5e3"
  integrity sha512-hzosS5CkQcIKCgxcsV2AzbJ36KNxG/Db2YEN/erEu7Boprg+KpMDLBQqKFmSo+JkQMGqRcicUyqCowJpuT+C6A==
  dependencies:
    "@types/filesystem" "*"

"@types/filesystem@*":
  version "0.0.32"
  resolved "https://registry.yarnpkg.com/@types/filesystem/-/filesystem-0.0.32.tgz#307df7cc084a2293c3c1a31151b178063e0a8edf"
  integrity sha512-Yuf4jR5YYMR2DVgwuCiP11s0xuVRyPKmz8vo6HBY3CGdeMj8af93CFZX+T82+VD1+UqHOxTq31lO7MI7lepBtQ==
  dependencies:
    "@types/filewriter" "*"

"@types/filewriter@*":
  version "0.0.29"
  resolved "https://registry.yarnpkg.com/@types/filewriter/-/filewriter-0.0.29.tgz#a48795ecadf957f6c0d10e0c34af86c098fa5bee"
  integrity sha512-BsPXH/irW0ht0Ji6iw/jJaK8Lj3FJemon2gvEqHKpCdDCeemHa+rI3WBGq5z7cDMZgoLjY40oninGxqk+8NzNQ==

webln@^0.3.2:
  version "0.3.2"
  resolved "https://registry.yarnpkg.com/webln/-/webln-0.3.2.tgz#bbadf52916666b6059e3661ef5ab73a76b7cd0f4"
  integrity sha512-YYT83aOCLup2AmqvJdKtdeBTaZpjC6/JDMe8o6x1kbTYWwiwrtWHyO//PAsPixF3jwFsAkj5DmiceB6w/QSe7Q==
  dependencies:
    "@types/chrome" "^0.0.74"
